
Microsoft Visual Studio Solution File, Format Version 12.00
# Visual Studio Version 17
VisualStudioVersion = 17.6.33829.357
MinimumVisualStudioVersion = 10.0.40219.1
Project("{FAE04EC0-301F-11D3-BF4B-00C04F79EFBC}") = "LMS", "LMS.csproj", "{52FCED39-8F4B-4EBE-A936-6A30F9103F84}"
EndProject
Global
	GlobalSection(SolutionConfigurationPlatforms) = preSolution
		Debug|Any CPU = Debug|Any CPU
		Release|Any CPU = Release|Any CPU
	EndGlobalSection
	GlobalSection(ProjectConfigurationPlatforms) = postSolution
		{52FCED39-8F4B-4EBE-A936-6A30F9103F84}.Debug|Any CPU.ActiveCfg = Debug|Any CPU
		{52FCED39-8F4B-4EBE-A936-6A30F9103F84}.Debug|Any CPU.Build.0 = Debug|Any CPU
		{52FCED39-8F4B-4EBE-A936-6A30F9103F84}.Release|Any CPU.ActiveCfg = Release|Any CPU
		{52FCED39-8F4B-4EBE-A936-6A30F9103F84}.Release|Any CPU.Build.0 = Release|Any CPU
	EndGlobalSection
	GlobalSection(SolutionProperties) = preSolution
		HideSolutionNode = FALSE
	EndGlobalSection
	GlobalSection(ExtensibilityGlobals) = postSolution
		SolutionGuid = {85869497-A1DB-4EAB-A017-02F6524C647A}
	EndGlobalSection
EndGlobal
